// !$*UTF8*$!
{
	archiveVersion = 1;
	classes = {
	};
	objectVersion = 55;
	objects = {

/* Begin PBXBuildFile section */
		3F3745962DDF83ED00922852 /* StockPricesTableViewController.swift in Sources */ = {isa = PBXBuildFile; fileRef = 3F3745952DDF83ED00922852 /* StockPricesTableViewController.swift */; };
		3F3745982DDF990F00922852 /* StockSymbolsViewModel.swift in Sources */ = {isa = PBXBuildFile; fileRef = 3F3745972DDF990F00922852 /* StockSymbolsViewModel.swift */; };
		3F37459A2DDF9A6100922852 /* StockSplitsViewModel.swift in Sources */ = {isa = PBXBuildFile; fileRef = 3F3745992DDF9A6100922852 /* StockSplitsViewModel.swift */; };
		3F37459C2DDF9C8800922852 /* WebServiceInjector.swift in Sources */ = {isa = PBXBuildFile; fileRef = 3F37459B2DDF9C8800922852 /* WebServiceInjector.swift */; };
		3F37459E2DDFA14A00922852 /* WebServiceProtocol.swift in Sources */ = {isa = PBXBuildFile; fileRef = 3F37459D2DDFA14A00922852 /* WebServiceProtocol.swift */; };
		3F3745A02DDFAC1B00922852 /* WebServiceMock.swift in Sources */ = {isa = PBXBuildFile; fileRef = 3F37459F2DDFAC1B00922852 /* WebServiceMock.swift */; };
		3F3745A42DDFAFFA00922852 /* WebServiceMock.swift in Sources */ = {isa = PBXBuildFile; fileRef = 3F37459F2DDFAC1B00922852 /* WebServiceMock.swift */; };
		3F3745AA2DDFBC6200922852 /* StockSymbolsTableViewControllerTests.swift in Sources */ = {isa = PBXBuildFile; fileRef = 3F3745A92DDFBC6200922852 /* StockSymbolsTableViewControllerTests.swift */; };
		3F3745AC2DDFBD3F00922852 /* PricesSplitsSelectionViewControllerTests.swift in Sources */ = {isa = PBXBuildFile; fileRef = 3F3745AB2DDFBD3F00922852 /* PricesSplitsSelectionViewControllerTests.swift */; };
		3F3745AE2DDFBE3500922852 /* StockPricesViewControllerTests.swift in Sources */ = {isa = PBXBuildFile; fileRef = 3F3745AD2DDFBE3400922852 /* StockPricesViewControllerTests.swift */; };
		3F3745B02DDFBE7A00922852 /* StockSplitsViewControllerTests.swift in Sources */ = {isa = PBXBuildFile; fileRef = 3F3745AF2DDFBE7A00922852 /* StockSplitsViewControllerTests.swift */; };
		3F3745B22DDFBEC200922852 /* StockSymbolsViewControllerTests.swift in Sources */ = {isa = PBXBuildFile; fileRef = 3F3745B12DDFBEC200922852 /* StockSymbolsViewControllerTests.swift */; };
		3F3745B42DDFBEF400922852 /* UserManualViewControllerTests.swift in Sources */ = {isa = PBXBuildFile; fileRef = 3F3745B32DDFBEF400922852 /* UserManualViewControllerTests.swift */; };
		3F3745B92DDFC29400922852 /* MenuViewControllerUITests.swift in Sources */ = {isa = PBXBuildFile; fileRef = 3F3745B82DDFC29400922852 /* MenuViewControllerUITests.swift */; };
		3F3745BA2DDFC29400922852 /* MenuViewControllerUITests.swift in Sources */ = {isa = PBXBuildFile; fileRef = 3F3745B82DDFC29400922852 /* MenuViewControllerUITests.swift */; };
		3F3745BF2DDFC5C900922852 /* StockSymbolsViewControllerUITests.swift in Sources */ = {isa = PBXBuildFile; fileRef = 3F3745BE2DDFC5C900922852 /* StockSymbolsViewControllerUITests.swift */; };
		3F3745C02DDFC5C900922852 /* StockSymbolsViewControllerUITests.swift in Sources */ = {isa = PBXBuildFile; fileRef = 3F3745BE2DDFC5C900922852 /* StockSymbolsViewControllerUITests.swift */; };
		3F3745C22DDFC81400922852 /* PricesSplitsSelectionViewControllerUITests.swift in Sources */ = {isa = PBXBuildFile; fileRef = 3F3745C12DDFC81400922852 /* PricesSplitsSelectionViewControllerUITests.swift */; };
		3F3745C32DDFC81400922852 /* PricesSplitsSelectionViewControllerUITests.swift in Sources */ = {isa = PBXBuildFile; fileRef = 3F3745C12DDFC81400922852 /* PricesSplitsSelectionViewControllerUITests.swift */; };
		3F3745C52DDFC8F300922852 /* UserManualViewControllerUITests.swift in Sources */ = {isa = PBXBuildFile; fileRef = 3F3745C42DDFC8F300922852 /* UserManualViewControllerUITests.swift */; };
		3F3745C62DDFC8F300922852 /* UserManualViewControllerUITests.swift in Sources */ = {isa = PBXBuildFile; fileRef = 3F3745C42DDFC8F300922852 /* UserManualViewControllerUITests.swift */; };
		3F3E23962DBEB2F900F515FE /* AppDelegate.swift in Sources */ = {isa = PBXBuildFile; fileRef = 3F3E23952DBEB2F900F515FE /* AppDelegate.swift */; };
		3F3E23982DBEB2F900F515FE /* SceneDelegate.swift in Sources */ = {isa = PBXBuildFile; fileRef = 3F3E23972DBEB2F900F515FE /* SceneDelegate.swift */; };
		3F3E239A2DBEB2F900F515FE /* ViewController.swift in Sources */ = {isa = PBXBuildFile; fileRef = 3F3E23992DBEB2F900F515FE /* ViewController.swift */; };
		3F3E239D2DBEB2F900F515FE /* Main.storyboard in Resources */ = {isa = PBXBuildFile; fileRef = 3F3E239B2DBEB2F900F515FE /* Main.storyboard */; };
		3F3E23A02DBEB2F900F515FE /* StockIOS.xcdatamodeld in Sources */ = {isa = PBXBuildFile; fileRef = 3F3E239E2DBEB2F900F515FE /* StockIOS.xcdatamodeld */; };
		3F3E23A22DBEB2FA00F515FE /* Assets.xcassets in Resources */ = {isa = PBXBuildFile; fileRef = 3F3E23A12DBEB2FA00F515FE /* Assets.xcassets */; };
		3F3E23A52DBEB2FA00F515FE /* LaunchScreen.storyboard in Resources */ = {isa = PBXBuildFile; fileRef = 3F3E23A32DBEB2FA00F515FE /* LaunchScreen.storyboard */; };
		3F3E23B02DBEB2FA00F515FE /* StockIOSTests.swift in Sources */ = {isa = PBXBuildFile; fileRef = 3F3E23AF2DBEB2FA00F515FE /* StockIOSTests.swift */; };
		3F3E23BA2DBEB2FA00F515FE /* StockIOSUITests.swift in Sources */ = {isa = PBXBuildFile; fileRef = 3F3E23B92DBEB2FA00F515FE /* StockIOSUITests.swift */; };
		3F3E23BC2DBEB2FA00F515FE /* StockIOSUITestsLaunchTests.swift in Sources */ = {isa = PBXBuildFile; fileRef = 3F3E23BB2DBEB2FA00F515FE /* StockIOSUITestsLaunchTests.swift */; };
		3F3E23D32DBEB55200F515FE /* StockSplitsViewModel.swift in Sources */ = {isa = PBXBuildFile; fileRef = 3F3E23D22DBEB55200F515FE /* StockSplitsViewModel.swift */; };
		3F3E23D72DBEB5A300F515FE /* StockSymbolsViewModel.swift in Sources */ = {isa = PBXBuildFile; fileRef = 3F3E23D62DBEB5A300F515FE /* StockSymbolsViewModel.swift */; };
		3F3E23DB2DBEB5DA00F515FE /* Constants.swift in Sources */ = {isa = PBXBuildFile; fileRef = 3F3E23DA2DBEB5DA00F515FE /* Constants.swift */; };
		3F3E23DC2DBEB5DA00F515FE /* Constants.swift in Sources */ = {isa = PBXBuildFile; fileRef = 3F3E23DA2DBEB5DA00F515FE /* Constants.swift */; };
		3F3E23DD2DBEB5DA00F515FE /* Constants.swift in Sources */ = {isa = PBXBuildFile; fileRef = 3F3E23DA2DBEB5DA00F515FE /* Constants.swift */; };
		3F3E23DF2DBEB62E00F515FE /* WebService.swift in Sources */ = {isa = PBXBuildFile; fileRef = 3F3E23DE2DBEB62E00F515FE /* WebService.swift */; };
		3F3E23E02DBEB62E00F515FE /* WebService.swift in Sources */ = {isa = PBXBuildFile; fileRef = 3F3E23DE2DBEB62E00F515FE /* WebService.swift */; };
		3F3E23E12DBEB62E00F515FE /* WebService.swift in Sources */ = {isa = PBXBuildFile; fileRef = 3F3E23DE2DBEB62E00F515FE /* WebService.swift */; };
		3F3E23E62DBEB6EB00F515FE /* StockSymbolResponse.swift in Sources */ = {isa = PBXBuildFile; fileRef = 3F3E23E52DBEB6EB00F515FE /* StockSymbolResponse.swift */; };
		3F3E23EA2DBEB78D00F515FE /* StockSymbolRequest.swift in Sources */ = {isa = PBXBuildFile; fileRef = 3F3E23E92DBEB78D00F515FE /* StockSymbolRequest.swift */; };
		3F3E23EE2DBEB7DA00F515FE /* StockSplitResponse.swift in Sources */ = {isa = PBXBuildFile; fileRef = 3F3E23ED2DBEB7DA00F515FE /* StockSplitResponse.swift */; };
		3F3E23F22DBEB82C00F515FE /* StockSplitRequest.swift in Sources */ = {isa = PBXBuildFile; fileRef = 3F3E23F12DBEB82C00F515FE /* StockSplitRequest.swift */; };
		3F3E23F62DBEB88D00F515FE /* StockPriceResponse.swift in Sources */ = {isa = PBXBuildFile; fileRef = 3F3E23F52DBEB88D00F515FE /* StockPriceResponse.swift */; };
		3F3E23FA2DBEB8F900F515FE /* StockPriceRequest.swift in Sources */ = {isa = PBXBuildFile; fileRef = 3F3E23F92DBEB8F900F515FE /* StockPriceRequest.swift */; };
		3F3E23FE2DBEB96C00F515FE /* StockSymbolsViewController.swift in Sources */ = {isa = PBXBuildFile; fileRef = 3F3E23FD2DBEB96C00F515FE /* StockSymbolsViewController.swift */; };
		3F3E23FF2DBEB96C00F515FE /* StockSymbolsViewController.swift in Sources */ = {isa = PBXBuildFile; fileRef = 3F3E23FD2DBEB96C00F515FE /* StockSymbolsViewController.swift */; };
		3F3E24002DBEB96C00F515FE /* StockSymbolsViewController.swift in Sources */ = {isa = PBXBuildFile; fileRef = 3F3E23FD2DBEB96C00F515FE /* StockSymbolsViewController.swift */; };
		3F3E24022DBEB9B200F515FE /* StockSplitsViewController.swift in Sources */ = {isa = PBXBuildFile; fileRef = 3F3E24012DBEB9B200F515FE /* StockSplitsViewController.swift */; };
		3F3E24032DBEB9B200F515FE /* StockSplitsViewController.swift in Sources */ = {isa = PBXBuildFile; fileRef = 3F3E24012DBEB9B200F515FE /* StockSplitsViewController.swift */; };
		3F3E24042DBEB9B200F515FE /* StockSplitsViewController.swift in Sources */ = {isa = PBXBuildFile; fileRef = 3F3E24012DBEB9B200F515FE /* StockSplitsViewController.swift */; };
		3FF6AF842DBFDD8D005A4653 /* Menu.storyboard in Resources */ = {isa = PBXBuildFile; fileRef = 3FF6AF832DBFDD8D005A4653 /* Menu.storyboard */; };
		3FF6AF852DBFDD8D005A4653 /* Menu.storyboard in Resources */ = {isa = PBXBuildFile; fileRef = 3FF6AF832DBFDD8D005A4653 /* Menu.storyboard */; };
		3FF6AF862DBFDD8D005A4653 /* Menu.storyboard in Resources */ = {isa = PBXBuildFile; fileRef = 3FF6AF832DBFDD8D005A4653 /* Menu.storyboard */; };
		3FF6AF882DBFDDBE005A4653 /* UserManual.storyboard in Resources */ = {isa = PBXBuildFile; fileRef = 3FF6AF872DBFDDBE005A4653 /* UserManual.storyboard */; };
		3FF6AF892DBFDDBE005A4653 /* UserManual.storyboard in Resources */ = {isa = PBXBuildFile; fileRef = 3FF6AF872DBFDDBE005A4653 /* UserManual.storyboard */; };
		3FF6AF8A2DBFDDBE005A4653 /* UserManual.storyboard in Resources */ = {isa = PBXBuildFile; fileRef = 3FF6AF872DBFDDBE005A4653 /* UserManual.storyboard */; };
		3FF6AF8C2DBFDDE9005A4653 /* StockSymbols.storyboard in Resources */ = {isa = PBXBuildFile; fileRef = 3FF6AF8B2DBFDDE9005A4653 /* StockSymbols.storyboard */; };
		3FF6AF8D2DBFDDE9005A4653 /* StockSymbols.storyboard in Resources */ = {isa = PBXBuildFile; fileRef = 3FF6AF8B2DBFDDE9005A4653 /* StockSymbols.storyboard */; };
		3FF6AF8E2DBFDDE9005A4653 /* StockSymbols.storyboard in Resources */ = {isa = PBXBuildFile; fileRef = 3FF6AF8B2DBFDDE9005A4653 /* StockSymbols.storyboard */; };
		3FF6AF902DBFDE18005A4653 /* StockPrices.storyboard in Resources */ = {isa = PBXBuildFile; fileRef = 3FF6AF8F2DBFDE18005A4653 /* StockPrices.storyboard */; };
		3FF6AF912DBFDE18005A4653 /* StockPrices.storyboard in Resources */ = {isa = PBXBuildFile; fileRef = 3FF6AF8F2DBFDE18005A4653 /* StockPrices.storyboard */; };
		3FF6AF922DBFDE18005A4653 /* StockPrices.storyboard in Resources */ = {isa = PBXBuildFile; fileRef = 3FF6AF8F2DBFDE18005A4653 /* StockPrices.storyboard */; };
		3FF6AF942DBFDE37005A4653 /* StockSplits.storyboard in Resources */ = {isa = PBXBuildFile; fileRef = 3FF6AF932DBFDE37005A4653 /* StockSplits.storyboard */; };
		3FF6AF952DBFDE37005A4653 /* StockSplits.storyboard in Resources */ = {isa = PBXBuildFile; fileRef = 3FF6AF932DBFDE37005A4653 /* StockSplits.storyboard */; };
		3FF6AF962DBFDE37005A4653 /* StockSplits.storyboard in Resources */ = {isa = PBXBuildFile; fileRef = 3FF6AF932DBFDE37005A4653 /* StockSplits.storyboard */; };
		3FF6AFA02DBFE11E005A4653 /* MenuViewController.swift in Sources */ = {isa = PBXBuildFile; fileRef = 3FF6AF9F2DBFE11E005A4653 /* MenuViewController.swift */; };
		3FF6AFA12DBFE11E005A4653 /* MenuViewController.swift in Sources */ = {isa = PBXBuildFile; fileRef = 3FF6AF9F2DBFE11E005A4653 /* MenuViewController.swift */; };
		3FF6AFA22DBFE11E005A4653 /* MenuViewController.swift in Sources */ = {isa = PBXBuildFile; fileRef = 3FF6AF9F2DBFE11E005A4653 /* MenuViewController.swift */; };
		3FF6AFA42DBFF502005A4653 /* BaseViewController.swift in Sources */ = {isa = PBXBuildFile; fileRef = 3FF6AFA32DBFF502005A4653 /* BaseViewController.swift */; };
		3FF6AFA52DBFF502005A4653 /* BaseViewController.swift in Sources */ = {isa = PBXBuildFile; fileRef = 3FF6AFA32DBFF502005A4653 /* BaseViewController.swift */; };
		3FF6AFA62DBFF502005A4653 /* BaseViewController.swift in Sources */ = {isa = PBXBuildFile; fileRef = 3FF6AFA32DBFF502005A4653 /* BaseViewController.swift */; };
		3FF6AFA82DC00DDA005A4653 /* UserManualViewController.swift in Sources */ = {isa = PBXBuildFile; fileRef = 3FF6AFA72DC00DDA005A4653 /* UserManualViewController.swift */; };
		3FF6AFA92DC00DDA005A4653 /* UserManualViewController.swift in Sources */ = {isa = PBXBuildFile; fileRef = 3FF6AFA72DC00DDA005A4653 /* UserManualViewController.swift */; };
		3FF6AFAA2DC00DDA005A4653 /* UserManualViewController.swift in Sources */ = {isa = PBXBuildFile; fileRef = 3FF6AFA72DC00DDA005A4653 /* UserManualViewController.swift */; };
		3FF6AFAD2DC9017D005A4653 /* StockSplitsTableViewController.swift in Sources */ = {isa = PBXBuildFile; fileRef = 3FF6AFAC2DC9017D005A4653 /* StockSplitsTableViewController.swift */; };
		3FF6AFAE2DC9017D005A4653 /* StockSplitsTableViewController.swift in Sources */ = {isa = PBXBuildFile; fileRef = 3FF6AFAC2DC9017D005A4653 /* StockSplitsTableViewController.swift */; };
		3FF6AFAF2DC9017D005A4653 /* StockSplitsTableViewController.swift in Sources */ = {isa = PBXBuildFile; fileRef = 3FF6AFAC2DC9017D005A4653 /* StockSplitsTableViewController.swift */; };
		3FF6AFB12DC901A6005A4653 /* StockSymbolsTableViewController.swift in Sources */ = {isa = PBXBuildFile; fileRef = 3FF6AFB02DC901A6005A4653 /* StockSymbolsTableViewController.swift */; };
		3FF6AFB22DC901A6005A4653 /* StockSymbolsTableViewController.swift in Sources */ = {isa = PBXBuildFile; fileRef = 3FF6AFB02DC901A6005A4653 /* StockSymbolsTableViewController.swift */; };
		3FF6AFB32DC901A6005A4653 /* StockSymbolsTableViewController.swift in Sources */ = {isa = PBXBuildFile; fileRef = 3FF6AFB02DC901A6005A4653 /* StockSymbolsTableViewController.swift */; };
		3FF6AFB92DC94BDE005A4653 /* PricesSplitsSelection.storyboard in Resources */ = {isa = PBXBuildFile; fileRef = 3FF6AFB82DC94BDE005A4653 /* PricesSplitsSelection.storyboard */; };
		3FF6AFBA2DC94BDE005A4653 /* PricesSplitsSelection.storyboard in Resources */ = {isa = PBXBuildFile; fileRef = 3FF6AFB82DC94BDE005A4653 /* PricesSplitsSelection.storyboard */; };
		3FF6AFBB2DC94BDE005A4653 /* PricesSplitsSelection.storyboard in Resources */ = {isa = PBXBuildFile; fileRef = 3FF6AFB82DC94BDE005A4653 /* PricesSplitsSelection.storyboard */; };
		3FF6AFBD2DC94C10005A4653 /* PricesSplitsSelectionViewController.swift in Sources */ = {isa = PBXBuildFile; fileRef = 3FF6AFBC2DC94C10005A4653 /* PricesSplitsSelectionViewController.swift */; };
		3FF6AFBE2DC94C10005A4653 /* PricesSplitsSelectionViewController.swift in Sources */ = {isa = PBXBuildFile; fileRef = 3FF6AFBC2DC94C10005A4653 /* PricesSplitsSelectionViewController.swift */; };
		3FF6AFBF2DC94C10005A4653 /* PricesSplitsSelectionViewController.swift in Sources */ = {isa = PBXBuildFile; fileRef = 3FF6AFBC2DC94C10005A4653 /* PricesSplitsSelectionViewController.swift */; };
		3FF6AFC12DC954CE005A4653 /* StockPricesViewController.swift in Sources */ = {isa = PBXBuildFile; fileRef = 3FF6AFC02DC954CE005A4653 /* StockPricesViewController.swift */; };
		3FF6AFC22DC954CE005A4653 /* StockPricesViewController.swift in Sources */ = {isa = PBXBuildFile; fileRef = 3FF6AFC02DC954CE005A4653 /* StockPricesViewController.swift */; };
		3FF6AFC32DC954CE005A4653 /* StockPricesViewController.swift in Sources */ = {isa = PBXBuildFile; fileRef = 3FF6AFC02DC954CE005A4653 /* StockPricesViewController.swift */; };
/* End PBXBuildFile section */

/* Begin PBXContainerItemProxy section */
		3F3E23AC2DBEB2FA00F515FE /* PBXContainerItemProxy */ = {
			isa = PBXContainerItemProxy;
			containerPortal = 3F3E238A2DBEB2F900F515FE /* Project object */;
			proxyType = 1;
			remoteGlobalIDString = 3F3E23912DBEB2F900F515FE;
			remoteInfo = StockIOS;
		};
		3F3E23B62DBEB2FA00F515FE /* PBXContainerItemProxy */ = {
			isa = PBXContainerItemProxy;
			containerPortal = 3F3E238A2DBEB2F900F515FE /* Project object */;
			proxyType = 1;
			remoteGlobalIDString = 3F3E23912DBEB2F900F515FE;
			remoteInfo = StockIOS;
		};
/* End PBXContainerItemProxy section */

/* Begin PBXFileReference section */
		3F3745952DDF83ED00922852 /* StockPricesTableViewController.swift */ = {isa = PBXFileReference; lastKnownFileType = sourcecode.swift; path = StockPricesTableViewController.swift; sourceTree = "<group>"; };
		3F3745972DDF990F00922852 /* StockSymbolsViewModel.swift */ = {isa = PBXFileReference; lastKnownFileType = sourcecode.swift; path = StockSymbolsViewModel.swift; sourceTree = "<group>"; };
		3F3745992DDF9A6100922852 /* StockSplitsViewModel.swift */ = {isa = PBXFileReference; lastKnownFileType = sourcecode.swift; path = StockSplitsViewModel.swift; sourceTree = "<group>"; };
		3F37459B2DDF9C8800922852 /* WebServiceInjector.swift */ = {isa = PBXFileReference; lastKnownFileType = sourcecode.swift; path = WebServiceInjector.swift; sourceTree = "<group>"; };
		3F37459D2DDFA14A00922852 /* WebServiceProtocol.swift */ = {isa = PBXFileReference; lastKnownFileType = sourcecode.swift; path = WebServiceProtocol.swift; sourceTree = "<group>"; };
		3F37459F2DDFAC1B00922852 /* WebServiceMock.swift */ = {isa = PBXFileReference; lastKnownFileType = sourcecode.swift; path = WebServiceMock.swift; sourceTree = "<group>"; };
		3F3745A92DDFBC6200922852 /* StockSymbolsTableViewControllerTests.swift */ = {isa = PBXFileReference; lastKnownFileType = sourcecode.swift; path = StockSymbolsTableViewControllerTests.swift; sourceTree = "<group>"; };
		3F3745AB2DDFBD3F00922852 /* PricesSplitsSelectionViewControllerTests.swift */ = {isa = PBXFileReference; lastKnownFileType = sourcecode.swift; path = PricesSplitsSelectionViewControllerTests.swift; sourceTree = "<group>"; };
		3F3745AD2DDFBE3400922852 /* StockPricesViewControllerTests.swift */ = {isa = PBXFileReference; lastKnownFileType = sourcecode.swift; path = StockPricesViewControllerTests.swift; sourceTree = "<group>"; };
		3F3745AF2DDFBE7A00922852 /* StockSplitsViewControllerTests.swift */ = {isa = PBXFileReference; lastKnownFileType = sourcecode.swift; path = StockSplitsViewControllerTests.swift; sourceTree = "<group>"; };
		3F3745B12DDFBEC200922852 /* StockSymbolsViewControllerTests.swift */ = {isa = PBXFileReference; lastKnownFileType = sourcecode.swift; path = StockSymbolsViewControllerTests.swift; sourceTree = "<group>"; };
		3F3745B32DDFBEF400922852 /* UserManualViewControllerTests.swift */ = {isa = PBXFileReference; lastKnownFileType = sourcecode.swift; path = UserManualViewControllerTests.swift; sourceTree = "<group>"; };
		3F3745B82DDFC29400922852 /* MenuViewControllerUITests.swift */ = {isa = PBXFileReference; lastKnownFileType = sourcecode.swift; path = MenuViewControllerUITests.swift; sourceTree = "<group>"; };
		3F3745BE2DDFC5C900922852 /* StockSymbolsViewControllerUITests.swift */ = {isa = PBXFileReference; lastKnownFileType = sourcecode.swift; path = StockSymbolsViewControllerUITests.swift; sourceTree = "<group>"; };
		3F3745C12DDFC81400922852 /* PricesSplitsSelectionViewControllerUITests.swift */ = {isa = PBXFileReference; lastKnownFileType = sourcecode.swift; path = PricesSplitsSelectionViewControllerUITests.swift; sourceTree = "<group>"; };
		3F3745C42DDFC8F300922852 /* UserManualViewControllerUITests.swift */ = {isa = PBXFileReference; lastKnownFileType = sourcecode.swift; path = UserManualViewControllerUITests.swift; sourceTree = "<group>"; };
		3F3E23922DBEB2F900F515FE /* StockIOS.app */ = {isa = PBXFileReference; explicitFileType = wrapper.application; includeInIndex = 0; path = StockIOS.app; sourceTree = BUILT_PRODUCTS_DIR; };
		3F3E23952DBEB2F900F515FE /* AppDelegate.swift */ = {isa = PBXFileReference; lastKnownFileType = sourcecode.swift; path = AppDelegate.swift; sourceTree = "<group>"; };
		3F3E23972DBEB2F900F515FE /* SceneDelegate.swift */ = {isa = PBXFileReference; lastKnownFileType = sourcecode.swift; path = SceneDelegate.swift; sourceTree = "<group>"; };
		3F3E23992DBEB2F900F515FE /* ViewController.swift */ = {isa = PBXFileReference; lastKnownFileType = sourcecode.swift; path = ViewController.swift; sourceTree = "<group>"; };
		3F3E239C2DBEB2F900F515FE /* Base */ = {isa = PBXFileReference; lastKnownFileType = file.storyboard; name = Base; path = Base.lproj/Main.storyboard; sourceTree = "<group>"; };
		3F3E239F2DBEB2F900F515FE /* StockIOS.xcdatamodel */ = {isa = PBXFileReference; lastKnownFileType = wrapper.xcdatamodel; path = StockIOS.xcdatamodel; sourceTree = "<group>"; };
		3F3E23A12DBEB2FA00F515FE /* Assets.xcassets */ = {isa = PBXFileReference; lastKnownFileType = folder.assetcatalog; path = Assets.xcassets; sourceTree = "<group>"; };
		3F3E23A42DBEB2FA00F515FE /* Base */ = {isa = PBXFileReference; lastKnownFileType = file.storyboard; name = Base; path = Base.lproj/LaunchScreen.storyboard; sourceTree = "<group>"; };
		3F3E23A62DBEB2FA00F515FE /* Info.plist */ = {isa = PBXFileReference; lastKnownFileType = text.plist.xml; path = Info.plist; sourceTree = "<group>"; };
		3F3E23AB2DBEB2FA00F515FE /* StockIOSTests.xctest */ = {isa = PBXFileReference; explicitFileType = wrapper.cfbundle; includeInIndex = 0; path = StockIOSTests.xctest; sourceTree = BUILT_PRODUCTS_DIR; };
		3F3E23AF2DBEB2FA00F515FE /* StockIOSTests.swift */ = {isa = PBXFileReference; lastKnownFileType = sourcecode.swift; path = StockIOSTests.swift; sourceTree = "<group>"; };
		3F3E23B52DBEB2FA00F515FE /* StockIOSUITests.xctest */ = {isa = PBXFileReference; explicitFileType = wrapper.cfbundle; includeInIndex = 0; path = StockIOSUITests.xctest; sourceTree = BUILT_PRODUCTS_DIR; };
		3F3E23B92DBEB2FA00F515FE /* StockIOSUITests.swift */ = {isa = PBXFileReference; lastKnownFileType = sourcecode.swift; path = StockIOSUITests.swift; sourceTree = "<group>"; };
		3F3E23BB2DBEB2FA00F515FE /* StockIOSUITestsLaunchTests.swift */ = {isa = PBXFileReference; lastKnownFileType = sourcecode.swift; path = StockIOSUITestsLaunchTests.swift; sourceTree = "<group>"; };
		3F3E23D22DBEB55200F515FE /* StockSplitsViewModel.swift */ = {isa = PBXFileReference; lastKnownFileType = sourcecode.swift; path = StockSplitsViewModel.swift; sourceTree = "<group>"; };
		3F3E23D62DBEB5A300F515FE /* StockSymbolsViewModel.swift */ = {isa = PBXFileReference; lastKnownFileType = sourcecode.swift; path = StockSymbolsViewModel.swift; sourceTree = "<group>"; };
		3F3E23DA2DBEB5DA00F515FE /* Constants.swift */ = {isa = PBXFileReference; lastKnownFileType = sourcecode.swift; path = Constants.swift; sourceTree = "<group>"; };
		3F3E23DE2DBEB62E00F515FE /* WebService.swift */ = {isa = PBXFileReference; lastKnownFileType = sourcecode.swift; path = WebService.swift; sourceTree = "<group>"; };
		3F3E23E52DBEB6EB00F515FE /* StockSymbolResponse.swift */ = {isa = PBXFileReference; lastKnownFileType = sourcecode.swift; path = StockSymbolResponse.swift; sourceTree = "<group>"; };
		3F3E23E92DBEB78D00F515FE /* StockSymbolRequest.swift */ = {isa = PBXFileReference; lastKnownFileType = sourcecode.swift; path = StockSymbolRequest.swift; sourceTree = "<group>"; };
		3F3E23ED2DBEB7DA00F515FE /* StockSplitResponse.swift */ = {isa = PBXFileReference; lastKnownFileType = sourcecode.swift; path = StockSplitResponse.swift; sourceTree = "<group>"; };
		3F3E23F12DBEB82C00F515FE /* StockSplitRequest.swift */ = {isa = PBXFileReference; lastKnownFileType = sourcecode.swift; path = StockSplitRequest.swift; sourceTree = "<group>"; };
		3F3E23F52DBEB88D00F515FE /* StockPriceResponse.swift */ = {isa = PBXFileReference; lastKnownFileType = sourcecode.swift; path = StockPriceResponse.swift; sourceTree = "<group>"; };
		3F3E23F92DBEB8F900F515FE /* StockPriceRequest.swift */ = {isa = PBXFileReference; lastKnownFileType = sourcecode.swift; path = StockPriceRequest.swift; sourceTree = "<group>"; };
		3F3E23FD2DBEB96C00F515FE /* StockSymbolsViewController.swift */ = {isa = PBXFileReference; lastKnownFileType = sourcecode.swift; path = StockSymbolsViewController.swift; sourceTree = "<group>"; };
		3F3E24012DBEB9B200F515FE /* StockSplitsViewController.swift */ = {isa = PBXFileReference; lastKnownFileType = sourcecode.swift; path = StockSplitsViewController.swift; sourceTree = "<group>"; };
		3FF6AF832DBFDD8D005A4653 /* Menu.storyboard */ = {isa = PBXFileReference; lastKnownFileType = file.storyboard; path = Menu.storyboard; sourceTree = "<group>"; };
		3FF6AF872DBFDDBE005A4653 /* UserManual.storyboard */ = {isa = PBXFileReference; lastKnownFileType = file.storyboard; path = UserManual.storyboard; sourceTree = "<group>"; };
		3FF6AF8B2DBFDDE9005A4653 /* StockSymbols.storyboard */ = {isa = PBXFileReference; lastKnownFileType = file.storyboard; path = StockSymbols.storyboard; sourceTree = "<group>"; };
		3FF6AF8F2DBFDE18005A4653 /* StockPrices.storyboard */ = {isa = PBXFileReference; lastKnownFileType = file.storyboard; path = StockPrices.storyboard; sourceTree = "<group>"; };
		3FF6AF932DBFDE37005A4653 /* StockSplits.storyboard */ = {isa = PBXFileReference; lastKnownFileType = file.storyboard; path = StockSplits.storyboard; sourceTree = "<group>"; };
		3FF6AF9F2DBFE11E005A4653 /* MenuViewController.swift */ = {isa = PBXFileReference; lastKnownFileType = sourcecode.swift; path = MenuViewController.swift; sourceTree = "<group>"; };
		3FF6AFA32DBFF502005A4653 /* BaseViewController.swift */ = {isa = PBXFileReference; lastKnownFileType = sourcecode.swift; path = BaseViewController.swift; sourceTree = "<group>"; };
		3FF6AFA72DC00DDA005A4653 /* UserManualViewController.swift */ = {isa = PBXFileReference; lastKnownFileType = sourcecode.swift; path = UserManualViewController.swift; sourceTree = "<group>"; };
		3FF6AFAC2DC9017D005A4653 /* StockSplitsTableViewController.swift */ = {isa = PBXFileReference; lastKnownFileType = sourcecode.swift; path = StockSplitsTableViewController.swift; sourceTree = "<group>"; };
		3FF6AFB02DC901A6005A4653 /* StockSymbolsTableViewController.swift */ = {isa = PBXFileReference; lastKnownFileType = sourcecode.swift; path = StockSymbolsTableViewController.swift; sourceTree = "<group>"; };
		3FF6AFB82DC94BDE005A4653 /* PricesSplitsSelection.storyboard */ = {isa = PBXFileReference; lastKnownFileType = file.storyboard; path = PricesSplitsSelection.storyboard; sourceTree = "<group>"; };
		3FF6AFBC2DC94C10005A4653 /* PricesSplitsSelectionViewController.swift */ = {isa = PBXFileReference; lastKnownFileType = sourcecode.swift; path = PricesSplitsSelectionViewController.swift; sourceTree = "<group>"; };
		3FF6AFC02DC954CE005A4653 /* StockPricesViewController.swift */ = {isa = PBXFileReference; lastKnownFileType = sourcecode.swift; path = StockPricesViewController.swift; sourceTree = "<group>"; };
/* End PBXFileReference section */

/* Begin PBXFrameworksBuildPhase section */
		3F3E238F2DBEB2F900F515FE /* Frameworks */ = {
			isa = PBXFrameworksBuildPhase;
			buildActionMask = 2147483647;
			files = (
			);
			runOnlyForDeploymentPostprocessing = 0;
		};
		3F3E23A82DBEB2FA00F515FE /* Frameworks */ = {
			isa = PBXFrameworksBuildPhase;
			buildActionMask = 2147483647;
			files = (
			);
			runOnlyForDeploymentPostprocessing = 0;
		};
		3F3E23B22DBEB2FA00F515FE /* Frameworks */ = {
			isa = PBXFrameworksBuildPhase;
			buildActionMask = 2147483647;
			files = (
			);
			runOnlyForDeploymentPostprocessing = 0;
		};
/* End PBXFrameworksBuildPhase section */

/* Begin PBXGroup section */
		3F3745A52DDFBAE100922852 /* ViewModelTests */ = {
			isa = PBXGroup;
			children = (
				3F3745972DDF990F00922852 /* StockSymbolsViewModel.swift */,
				3F3745992DDF9A6100922852 /* StockSplitsViewModel.swift */,
			);
			path = ViewModelTests;
			sourceTree = "<group>";
		};
		3F3745A62DDFBBE700922852 /* ControllerTests */ = {
			isa = PBXGroup;
			children = (
				3F3745A72DDFBBF900922852 /* TableViewControllerTests */,
				3F3745AB2DDFBD3F00922852 /* PricesSplitsSelectionViewControllerTests.swift */,
				3F3745AD2DDFBE3400922852 /* StockPricesViewControllerTests.swift */,
				3F3745AF2DDFBE7A00922852 /* StockSplitsViewControllerTests.swift */,
				3F3745B12DDFBEC200922852 /* StockSymbolsViewControllerTests.swift */,
				3F3745B32DDFBEF400922852 /* UserManualViewControllerTests.swift */,
			);
			path = ControllerTests;
			sourceTree = "<group>";
		};
		3F3745A72DDFBBF900922852 /* TableViewControllerTests */ = {
			isa = PBXGroup;
			children = (
				3F3745A92DDFBC6200922852 /* StockSymbolsTableViewControllerTests.swift */,
			);
			path = TableViewControllerTests;
			sourceTree = "<group>";
		};
		3F3745B72DDFC26700922852 /* StoryboardTests */ = {
			isa = PBXGroup;
			children = (
				3F3745B82DDFC29400922852 /* MenuViewControllerUITests.swift */,
				3F3745BE2DDFC5C900922852 /* StockSymbolsViewControllerUITests.swift */,
				3F3745C12DDFC81400922852 /* PricesSplitsSelectionViewControllerUITests.swift */,
				3F3745C42DDFC8F300922852 /* UserManualViewControllerUITests.swift */,
			);
			path = StoryboardTests;
			sourceTree = "<group>";
		};
		3F3E23892DBEB2F900F515FE = {
			isa = PBXGroup;
			children = (
				3F3E23942DBEB2F900F515FE /* StockIOS */,
				3F3E23AE2DBEB2FA00F515FE /* StockIOSTests */,
				3F3E23B82DBEB2FA00F515FE /* StockIOSUITests */,
				3F3E23932DBEB2F900F515FE /* Products */,
			);
			sourceTree = "<group>";
		};
		3F3E23932DBEB2F900F515FE /* Products */ = {
			isa = PBXGroup;
			children = (
				3F3E23922DBEB2F900F515FE /* StockIOS.app */,
				3F3E23AB2DBEB2FA00F515FE /* StockIOSTests.xctest */,
				3F3E23B52DBEB2FA00F515FE /* StockIOSUITests.xctest */,
			);
			name = Products;
			sourceTree = "<group>";
		};
		3F3E23942DBEB2F900F515FE /* StockIOS */ = {
			isa = PBXGroup;
			children = (
				3FF6AF822DBFDD45005A4653 /* Views */,
				3F3E23CD2DBEB42900F515FE /* ViewModel */,
				3F3E23CC2DBEB41500F515FE /* Utils */,
				3F3E23CB2DBEB3EF00F515FE /* Services */,
				3F3E23CA2DBEB3D600F515FE /* Models */,
				3F3E23C92DBEB3BE00F515FE /* Examples */,
				3F3E23C82DBEB3AA00F515FE /* Controllers */,
				3F3E23952DBEB2F900F515FE /* AppDelegate.swift */,
				3F3E23972DBEB2F900F515FE /* SceneDelegate.swift */,
				3F3E23992DBEB2F900F515FE /* ViewController.swift */,
				3F3E239B2DBEB2F900F515FE /* Main.storyboard */,
				3F3E23A12DBEB2FA00F515FE /* Assets.xcassets */,
				3F3E23A32DBEB2FA00F515FE /* LaunchScreen.storyboard */,
				3F3E23A62DBEB2FA00F515FE /* Info.plist */,
				3F3E239E2DBEB2F900F515FE /* StockIOS.xcdatamodeld */,
			);
			path = StockIOS;
			sourceTree = "<group>";
		};
		3F3E23AE2DBEB2FA00F515FE /* StockIOSTests */ = {
			isa = PBXGroup;
			children = (
				3F3745B72DDFC26700922852 /* StoryboardTests */,
				3F3745A62DDFBBE700922852 /* ControllerTests */,
				3F3745A52DDFBAE100922852 /* ViewModelTests */,
				3F3E23AF2DBEB2FA00F515FE /* StockIOSTests.swift */,
				3F37459F2DDFAC1B00922852 /* WebServiceMock.swift */,
			);
			path = StockIOSTests;
			sourceTree = "<group>";
		};
		3F3E23B82DBEB2FA00F515FE /* StockIOSUITests */ = {
			isa = PBXGroup;
			children = (
				3F3E23B92DBEB2FA00F515FE /* StockIOSUITests.swift */,
				3F3E23BB2DBEB2FA00F515FE /* StockIOSUITestsLaunchTests.swift */,
			);
			path = StockIOSUITests;
			sourceTree = "<group>";
		};
		3F3E23C82DBEB3AA00F515FE /* Controllers */ = {
			isa = PBXGroup;
			children = (
				3FF6AFAB2DC9013C005A4653 /* TableViewController */,
				3F3E23FD2DBEB96C00F515FE /* StockSymbolsViewController.swift */,
				3F3E24012DBEB9B200F515FE /* StockSplitsViewController.swift */,
				3FF6AF9F2DBFE11E005A4653 /* MenuViewController.swift */,
				3FF6AFA32DBFF502005A4653 /* BaseViewController.swift */,
				3FF6AFA72DC00DDA005A4653 /* UserManualViewController.swift */,
				3FF6AFBC2DC94C10005A4653 /* PricesSplitsSelectionViewController.swift */,
				3FF6AFC02DC954CE005A4653 /* StockPricesViewController.swift */,
			);
			path = Controllers;
			sourceTree = "<group>";
		};
		3F3E23C92DBEB3BE00F515FE /* Examples */ = {
			isa = PBXGroup;
			children = (
			);
			path = Examples;
			sourceTree = "<group>";
		};
		3F3E23CA2DBEB3D600F515FE /* Models */ = {
			isa = PBXGroup;
			children = (
				3F3E23E42DBEB6C900F515FE /* StockSymbol */,
				3F3E23E32DBEB6B900F515FE /* StockSplit */,
				3F3E23E22DBEB6A900F515FE /* StockPrice */,
			);
			path = Models;
			sourceTree = "<group>";
		};
		3F3E23CB2DBEB3EF00F515FE /* Services */ = {
			isa = PBXGroup;
			children = (
				3F3E23DE2DBEB62E00F515FE /* WebService.swift */,
				3F37459B2DDF9C8800922852 /* WebServiceInjector.swift */,
				3F37459D2DDFA14A00922852 /* WebServiceProtocol.swift */,
			);
			path = Services;
			sourceTree = "<group>";
		};
		3F3E23CC2DBEB41500F515FE /* Utils */ = {
			isa = PBXGroup;
			children = (
				3F3E23DA2DBEB5DA00F515FE /* Constants.swift */,
			);
			path = Utils;
			sourceTree = "<group>";
		};
		3F3E23CD2DBEB42900F515FE /* ViewModel */ = {
			isa = PBXGroup;
			children = (
				3F3E23D22DBEB55200F515FE /* StockSplitsViewModel.swift */,
				3F3E23D62DBEB5A300F515FE /* StockSymbolsViewModel.swift */,
			);
			path = ViewModel;
			sourceTree = "<group>";
		};
		3F3E23E22DBEB6A900F515FE /* StockPrice */ = {
			isa = PBXGroup;
			children = (
				3F3E23F52DBEB88D00F515FE /* StockPriceResponse.swift */,
				3F3E23F92DBEB8F900F515FE /* StockPriceRequest.swift */,
			);
			path = StockPrice;
			sourceTree = "<group>";
		};
		3F3E23E32DBEB6B900F515FE /* StockSplit */ = {
			isa = PBXGroup;
			children = (
				3F3E23ED2DBEB7DA00F515FE /* StockSplitResponse.swift */,
				3F3E23F12DBEB82C00F515FE /* StockSplitRequest.swift */,
			);
			path = StockSplit;
			sourceTree = "<group>";
		};
		3F3E23E42DBEB6C900F515FE /* StockSymbol */ = {
			isa = PBXGroup;
			children = (
				3F3E23E52DBEB6EB00F515FE /* StockSymbolResponse.swift */,
				3F3E23E92DBEB78D00F515FE /* StockSymbolRequest.swift */,
			);
			path = StockSymbol;
			sourceTree = "<group>";
		};
		3FF6AF822DBFDD45005A4653 /* Views */ = {
			isa = PBXGroup;
			children = (
				3FF6AF832DBFDD8D005A4653 /* Menu.storyboard */,
				3FF6AF872DBFDDBE005A4653 /* UserManual.storyboard */,
				3FF6AF8B2DBFDDE9005A4653 /* StockSymbols.storyboard */,
				3FF6AF8F2DBFDE18005A4653 /* StockPrices.storyboard */,
				3FF6AF932DBFDE37005A4653 /* StockSplits.storyboard */,
				3FF6AFB82DC94BDE005A4653 /* PricesSplitsSelection.storyboard */,
			);
			path = Views;
			sourceTree = "<group>";
		};
		3FF6AFAB2DC9013C005A4653 /* TableViewController */ = {
			isa = PBXGroup;
			children = (
				3FF6AFAC2DC9017D005A4653 /* StockSplitsTableViewController.swift */,
				3FF6AFB02DC901A6005A4653 /* StockSymbolsTableViewController.swift */,
				3F3745952DDF83ED00922852 /* StockPricesTableViewController.swift */,
			);
			path = TableViewController;
			sourceTree = "<group>";
		};
/* End PBXGroup section */

/* Begin PBXNativeTarget section */
		3F3E23912DBEB2F900F515FE /* StockIOS */ = {
			isa = PBXNativeTarget;
			buildConfigurationList = 3F3E23BF2DBEB2FA00F515FE /* Build configuration list for PBXNativeTarget "StockIOS" */;
			buildPhases = (
				3F3E238E2DBEB2F900F515FE /* Sources */,
				3F3E238F2DBEB2F900F515FE /* Frameworks */,
				3F3E23902DBEB2F900F515FE /* Resources */,
			);
			buildRules = (
			);
			dependencies = (
			);
			name = StockIOS;
			productName = StockIOS;
			productReference = 3F3E23922DBEB2F900F515FE /* StockIOS.app */;
			productType = "com.apple.product-type.application";
		};
		3F3E23AA2DBEB2FA00F515FE /* StockIOSTests */ = {
			isa = PBXNativeTarget;
			buildConfigurationList = 3F3E23C22DBEB2FA00F515FE /* Build configuration list for PBXNativeTarget "StockIOSTests" */;
			buildPhases = (
				3F3E23A72DBEB2FA00F515FE /* Sources */,
				3F3E23A82DBEB2FA00F515FE /* Frameworks */,
				3F3E23A92DBEB2FA00F515FE /* Resources */,
			);
			buildRules = (
			);
			dependencies = (
				3F3E23AD2DBEB2FA00F515FE /* PBXTargetDependency */,
			);
			name = StockIOSTests;
			productName = StockIOSTests;
			productReference = 3F3E23AB2DBEB2FA00F515FE /* StockIOSTests.xctest */;
			productType = "com.apple.product-type.bundle.unit-test";
		};
		3F3E23B42DBEB2FA00F515FE /* StockIOSUITests */ = {
			isa = PBXNativeTarget;
			buildConfigurationList = 3F3E23C52DBEB2FA00F515FE /* Build configuration list for PBXNativeTarget "StockIOSUITests" */;
			buildPhases = (
				3F3E23B12DBEB2FA00F515FE /* Sources */,
				3F3E23B22DBEB2FA00F515FE /* Frameworks */,
				3F3E23B32DBEB2FA00F515FE /* Resources */,
			);
			buildRules = (
			);
			dependencies = (
				3F3E23B72DBEB2FA00F515FE /* PBXTargetDependency */,
			);
			name = StockIOSUITests;
			productName = StockIOSUITests;
			productReference = 3F3E23B52DBEB2FA00F515FE /* StockIOSUITests.xctest */;
			productType = "com.apple.product-type.bundle.ui-testing";
		};
/* End PBXNativeTarget section */

/* Begin PBXProject section */
		3F3E238A2DBEB2F900F515FE /* Project object */ = {
			isa = PBXProject;
			attributes = {
				BuildIndependentTargetsInParallel = 1;
				LastSwiftUpdateCheck = 1320;
				LastUpgradeCheck = 1320;
				TargetAttributes = {
					3F3E23912DBEB2F900F515FE = {
						CreatedOnToolsVersion = 13.2.1;
					};
					3F3E23AA2DBEB2FA00F515FE = {
						CreatedOnToolsVersion = 13.2.1;
						TestTargetID = 3F3E23912DBEB2F900F515FE;
					};
					3F3E23B42DBEB2FA00F515FE = {
						CreatedOnToolsVersion = 13.2.1;
						TestTargetID = 3F3E23912DBEB2F900F515FE;
					};
				};
			};
			buildConfigurationList = 3F3E238D2DBEB2F900F515FE /* Build configuration list for PBXProject "StockIOS" */;
			compatibilityVersion = "Xcode 13.0";
			developmentRegion = en;
			hasScannedForEncodings = 0;
			knownRegions = (
				en,
				Base,
			);
			mainGroup = 3F3E23892DBEB2F900F515FE;
			productRefGroup = 3F3E23932DBEB2F900F515FE /* Products */;
			projectDirPath = "";
			projectRoot = "";
			targets = (
				3F3E23912DBEB2F900F515FE /* StockIOS */,
				3F3E23AA2DBEB2FA00F515FE /* StockIOSTests */,
				3F3E23B42DBEB2FA00F515FE /* StockIOSUITests */,
			);
		};
/* End PBXProject section */

/* Begin PBXResourcesBuildPhase section */
		3F3E23902DBEB2F900F515FE /* Resources */ = {
			isa = PBXResourcesBuildPhase;
			buildActionMask = 2147483647;
			files = (
				3FF6AF942DBFDE37005A4653 /* StockSplits.storyboard in Resources */,
				3F3E23A52DBEB2FA00F515FE /* LaunchScreen.storyboard in Resources */,
				3F3E23A22DBEB2FA00F515FE /* Assets.xcassets in Resources */,
				3F3E239D2DBEB2F900F515FE /* Main.storyboard in Resources */,
				3FF6AFB92DC94BDE005A4653 /* PricesSplitsSelection.storyboard in Resources */,
				3FF6AF8C2DBFDDE9005A4653 /* StockSymbols.storyboard in Resources */,
				3FF6AF882DBFDDBE005A4653 /* UserManual.storyboard in Resources */,
				3FF6AF842DBFDD8D005A4653 /* Menu.storyboard in Resources */,
				3FF6AF902DBFDE18005A4653 /* StockPrices.storyboard in Resources */,
			);
			runOnlyForDeploymentPostprocessing = 0;
		};
		3F3E23A92DBEB2FA00F515FE /* Resources */ = {
			isa = PBXResourcesBuildPhase;
			buildActionMask = 2147483647;
			files = (
				3FF6AF8D2DBFDDE9005A4653 /* StockSymbols.storyboard in Resources */,
				3FF6AF852DBFDD8D005A4653 /* Menu.storyboard in Resources */,
				3FF6AF892DBFDDBE005A4653 /* UserManual.storyboard in Resources */,
				3FF6AF912DBFDE18005A4653 /* StockPrices.storyboard in Resources */,
				3FF6AFBA2DC94BDE005A4653 /* PricesSplitsSelection.storyboard in Resources */,
				3FF6AF952DBFDE37005A4653 /* StockSplits.storyboard in Resources */,
			);
			runOnlyForDeploymentPostprocessing = 0;
		};
		3F3E23B32DBEB2FA00F515FE /* Resources */ = {
			isa = PBXResourcesBuildPhase;
			buildActionMask = 2147483647;
			files = (
				3FF6AF8E2DBFDDE9005A4653 /* StockSymbols.storyboard in Resources */,
				3FF6AF862DBFDD8D005A4653 /* Menu.storyboard in Resources */,
				3FF6AF8A2DBFDDBE005A4653 /* UserManual.storyboard in Resources */,
				3FF6AF922DBFDE18005A4653 /* StockPrices.storyboard in Resources */,
				3FF6AFBB2DC94BDE005A4653 /* PricesSplitsSelection.storyboard in Resources */,
				3FF6AF962DBFDE37005A4653 /* StockSplits.storyboard in Resources */,
			);
			runOnlyForDeploymentPostprocessing = 0;
		};
/* End PBXResourcesBuildPhase section */

/* Begin PBXSourcesBuildPhase section */
		3F3E238E2DBEB2F900F515FE /* Sources */ = {
			isa = PBXSourcesBuildPhase;
			buildActionMask = 2147483647;
			files = (
				3F37459E2DDFA14A00922852 /* WebServiceProtocol.swift in Sources */,
				3F3E23FA2DBEB8F900F515FE /* StockPriceRequest.swift in Sources */,
				3F3E23FE2DBEB96C00F515FE /* StockSymbolsViewController.swift in Sources */,
				3FF6AFBD2DC94C10005A4653 /* PricesSplitsSelectionViewController.swift in Sources */,
				3F3E23A02DBEB2F900F515FE /* StockIOS.xcdatamodeld in Sources */,
				3F3E23D72DBEB5A300F515FE /* StockSymbolsViewModel.swift in Sources */,
				3F3E23F62DBEB88D00F515FE /* StockPriceResponse.swift in Sources */,
				3FF6AFA42DBFF502005A4653 /* BaseViewController.swift in Sources */,
				3F3E23EE2DBEB7DA00F515FE /* StockSplitResponse.swift in Sources */,
				3F37459C2DDF9C8800922852 /* WebServiceInjector.swift in Sources */,
				3F3E23DF2DBEB62E00F515FE /* WebService.swift in Sources */,
				3FF6AFB12DC901A6005A4653 /* StockSymbolsTableViewController.swift in Sources */,
				3F3E239A2DBEB2F900F515FE /* ViewController.swift in Sources */,
				3FF6AFAD2DC9017D005A4653 /* StockSplitsTableViewController.swift in Sources */,
				3F3E23E62DBEB6EB00F515FE /* StockSymbolResponse.swift in Sources */,
				3FF6AFC12DC954CE005A4653 /* StockPricesViewController.swift in Sources */,
				3F3E23962DBEB2F900F515FE /* AppDelegate.swift in Sources */,
				3F3E23F22DBEB82C00F515FE /* StockSplitRequest.swift in Sources */,
				3F3745962DDF83ED00922852 /* StockPricesTableViewController.swift in Sources */,
				3FF6AFA82DC00DDA005A4653 /* UserManualViewController.swift in Sources */,
				3FF6AFA02DBFE11E005A4653 /* MenuViewController.swift in Sources */,
				3F3E23DB2DBEB5DA00F515FE /* Constants.swift in Sources */,
				3F3E24022DBEB9B200F515FE /* StockSplitsViewController.swift in Sources */,
				3F3E23982DBEB2F900F515FE /* SceneDelegate.swift in Sources */,
				3F3E23EA2DBEB78D00F515FE /* StockSymbolRequest.swift in Sources */,
				3F3E23D32DBEB55200F515FE /* StockSplitsViewModel.swift in Sources */,
			);
			runOnlyForDeploymentPostprocessing = 0;
		};
		3F3E23A72DBEB2FA00F515FE /* Sources */ = {
			isa = PBXSourcesBuildPhase;
			buildActionMask = 2147483647;
			files = (
				3F3745B02DDFBE7A00922852 /* StockSplitsViewControllerTests.swift in Sources */,
				3FF6AFB22DC901A6005A4653 /* StockSymbolsTableViewController.swift in Sources */,
				3FF6AFA12DBFE11E005A4653 /* MenuViewController.swift in Sources */,
				3F3E24032DBEB9B200F515FE /* StockSplitsViewController.swift in Sources */,
				3FF6AFAE2DC9017D005A4653 /* StockSplitsTableViewController.swift in Sources */,
				3FF6AFC22DC954CE005A4653 /* StockPricesViewController.swift in Sources */,
				3FF6AFA92DC00DDA005A4653 /* UserManualViewController.swift in Sources */,
				3F3745B22DDFBEC200922852 /* StockSymbolsViewControllerTests.swift in Sources */,
				3FF6AFA52DBFF502005A4653 /* BaseViewController.swift in Sources */,
				3F3745A02DDFAC1B00922852 /* WebServiceMock.swift in Sources */,
				3F37459A2DDF9A6100922852 /* StockSplitsViewModel.swift in Sources */,
				3F3745B92DDFC29400922852 /* MenuViewControllerUITests.swift in Sources */,
				3F3745AE2DDFBE3500922852 /* StockPricesViewControllerTests.swift in Sources */,
				3F3E23B02DBEB2FA00F515FE /* StockIOSTests.swift in Sources */,
				3F3745C22DDFC81400922852 /* PricesSplitsSelectionViewControllerUITests.swift in Sources */,
				3FF6AFBE2DC94C10005A4653 /* PricesSplitsSelectionViewController.swift in Sources */,
				3F3745AC2DDFBD3F00922852 /* PricesSplitsSelectionViewControllerTests.swift in Sources */,
				3F3745C52DDFC8F300922852 /* UserManualViewControllerUITests.swift in Sources */,
				3F3E23E02DBEB62E00F515FE /* WebService.swift in Sources */,
				3F3745AA2DDFBC6200922852 /* StockSymbolsTableViewControllerTests.swift in Sources */,
				3F3E23FF2DBEB96C00F515FE /* StockSymbolsViewController.swift in Sources */,
				3F3745B42DDFBEF400922852 /* UserManualViewControllerTests.swift in Sources */,
				3F3745BF2DDFC5C900922852 /* StockSymbolsViewControllerUITests.swift in Sources */,
				3F3745982DDF990F00922852 /* StockSymbolsViewModel.swift in Sources */,
				3F3E23DC2DBEB5DA00F515FE /* Constants.swift in Sources */,
			);
			runOnlyForDeploymentPostprocessing = 0;
		};
		3F3E23B12DBEB2FA00F515FE /* Sources */ = {
			isa = PBXSourcesBuildPhase;
			buildActionMask = 2147483647;
			files = (
				3F3745C32DDFC81400922852 /* PricesSplitsSelectionViewControllerUITests.swift in Sources */,
				3F3745C62DDFC8F300922852 /* UserManualViewControllerUITests.swift in Sources */,
				3F3745A42DDFAFFA00922852 /* WebServiceMock.swift in Sources */,
				3F3E23E12DBEB62E00F515FE /* WebService.swift in Sources */,
				3FF6AFA22DBFE11E005A4653 /* MenuViewController.swift in Sources */,
				3FF6AFBF2DC94C10005A4653 /* PricesSplitsSelectionViewController.swift in Sources */,
				3F3E23DD2DBEB5DA00F515FE /* Constants.swift in Sources */,
				3F3E24002DBEB96C00F515FE /* StockSymbolsViewController.swift in Sources */,
				3FF6AFC32DC954CE005A4653 /* StockPricesViewController.swift in Sources */,
				3F3E24042DBEB9B200F515FE /* StockSplitsViewController.swift in Sources */,
				3F3745BA2DDFC29400922852 /* MenuViewControllerUITests.swift in Sources */,
				3FF6AFAA2DC00DDA005A4653 /* UserManualViewController.swift in Sources */,
				3FF6AFB32DC901A6005A4653 /* StockSymbolsTableViewController.swift in Sources */,
				3FF6AFAF2DC9017D005A4653 /* StockSplitsTableViewController.swift in Sources */,
				3F3E23BC2DBEB2FA00F515FE /* StockIOSUITestsLaunchTests.swift in Sources */,
				3F3E23BA2DBEB2FA00F515FE /* StockIOSUITests.swift in Sources */,
				3FF6AFA62DBFF502005A4653 /* BaseViewController.swift in Sources */,
				3F3745C02DDFC5C900922852 /* StockSymbolsViewControllerUITests.swift in Sources */,
			);
			runOnlyForDeploymentPostprocessing = 0;
		};
/* End PBXSourcesBuildPhase section */

/* Begin PBXTargetDependency section */
		3F3E23AD2DBEB2FA00F515FE /* PBXTargetDependency */ = {
			isa = PBXTargetDependency;
			target = 3F3E23912DBEB2F900F515FE /* StockIOS */;
			targetProxy = 3F3E23AC2DBEB2FA00F515FE /* PBXContainerItemProxy */;
		};
		3F3E23B72DBEB2FA00F515FE /* PBXTargetDependency */ = {
			isa = PBXTargetDependency;
			target = 3F3E23912DBEB2F900F515FE /* StockIOS */;
			targetProxy = 3F3E23B62DBEB2FA00F515FE /* PBXContainerItemProxy */;
		};
/* End PBXTargetDependency section */

/* Begin PBXVariantGroup section */
		3F3E239B2DBEB2F900F515FE /* Main.storyboard */ = {
			isa = PBXVariantGroup;
			children = (
				3F3E239C2DBEB2F900F515FE /* Base */,
			);
			name = Main.storyboard;
			sourceTree = "<group>";
		};
		3F3E23A32DBEB2FA00F515FE /* LaunchScreen.storyboard */ = {
			isa = PBXVariantGroup;
			children = (
				3F3E23A42DBEB2FA00F515FE /* Base */,
			);
			name = LaunchScreen.storyboard;
			sourceTree = "<group>";
		};
/* End PBXVariantGroup section */

/* Begin XCBuildConfiguration section */
		3F3E23BD2DBEB2FA00F515FE /* Debug */ = {
			isa = XCBuildConfiguration;
			buildSettings = {
				ALWAYS_SEARCH_USER_PATHS = NO;
				CLANG_ANALYZER_NONNULL = YES;
				CLANG_ANALYZER_NUMBER_OBJECT_CONVERSION = YES_AGGRESSIVE;
				CLANG_CXX_LANGUAGE_STANDARD = "gnu++17";
				CLANG_CXX_LIBRARY = "libc++";
				CLANG_ENABLE_MODULES = YES;
				CLANG_ENABLE_OBJC_ARC = YES;
				CLANG_ENABLE_OBJC_WEAK = YES;
				CLANG_WARN_BLOCK_CAPTURE_AUTORELEASING = YES;
				CLANG_WARN_BOOL_CONVERSION = YES;
				CLANG_WARN_COMMA = YES;
				CLANG_WARN_CONSTANT_CONVERSION = YES;
				CLANG_WARN_DEPRECATED_OBJC_IMPLEMENTATIONS = YES;
				CLANG_WARN_DIRECT_OBJC_ISA_USAGE = YES_ERROR;
				CLANG_WARN_DOCUMENTATION_COMMENTS = YES;
				CLANG_WARN_EMPTY_BODY = YES;
				CLANG_WARN_ENUM_CONVERSION = YES;
				CLANG_WARN_INFINITE_RECURSION = YES;
				CLANG_WARN_INT_CONVERSION = YES;
				CLANG_WARN_NON_LITERAL_NULL_CONVERSION = YES;
				CLANG_WARN_OBJC_IMPLICIT_RETAIN_SELF = YES;
				CLANG_WARN_OBJC_LITERAL_CONVERSION = YES;
				CLANG_WARN_OBJC_ROOT_CLASS = YES_ERROR;
				CLANG_WARN_QUOTED_INCLUDE_IN_FRAMEWORK_HEADER = YES;
				CLANG_WARN_RANGE_LOOP_ANALYSIS = YES;
				CLANG_WARN_STRICT_PROTOTYPES = YES;
				CLANG_WARN_SUSPICIOUS_MOVE = YES;
				CLANG_WARN_UNGUARDED_AVAILABILITY = YES_AGGRESSIVE;
				CLANG_WARN_UNREACHABLE_CODE = YES;
				CLANG_WARN__DUPLICATE_METHOD_MATCH = YES;
				COPY_PHASE_STRIP = NO;
				DEBUG_INFORMATION_FORMAT = dwarf;
				ENABLE_STRICT_OBJC_MSGSEND = YES;
				ENABLE_TESTABILITY = YES;
				GCC_C_LANGUAGE_STANDARD = gnu11;
				GCC_DYNAMIC_NO_PIC = NO;
				GCC_NO_COMMON_BLOCKS = YES;
				GCC_OPTIMIZATION_LEVEL = 0;
				GCC_PREPROCESSOR_DEFINITIONS = (
					"DEBUG=1",
					"$(inherited)",
				);
				GCC_WARN_64_TO_32_BIT_CONVERSION = YES;
				GCC_WARN_ABOUT_RETURN_TYPE = YES_ERROR;
				GCC_WARN_UNDECLARED_SELECTOR = YES;
				GCC_WARN_UNINITIALIZED_AUTOS = YES_AGGRESSIVE;
				GCC_WARN_UNUSED_FUNCTION = YES;
				GCC_WARN_UNUSED_VARIABLE = YES;
				IPHONEOS_DEPLOYMENT_TARGET = 15.2;
				MTL_ENABLE_DEBUG_INFO = INCLUDE_SOURCE;
				MTL_FAST_MATH = YES;
				ONLY_ACTIVE_ARCH = YES;
				SDKROOT = iphoneos;
				SWIFT_ACTIVE_COMPILATION_CONDITIONS = DEBUG;
				SWIFT_OPTIMIZATION_LEVEL = "-Onone";
			};
			name = Debug;
		};
		3F3E23BE2DBEB2FA00F515FE /* Release */ = {
			isa = XCBuildConfiguration;
			buildSettings = {
				ALWAYS_SEARCH_USER_PATHS = NO;
				CLANG_ANALYZER_NONNULL = YES;
				CLANG_ANALYZER_NUMBER_OBJECT_CONVERSION = YES_AGGRESSIVE;
				CLANG_CXX_LANGUAGE_STANDARD = "gnu++17";
				CLANG_CXX_LIBRARY = "libc++";
				CLANG_ENABLE_MODULES = YES;
				CLANG_ENABLE_OBJC_ARC = YES;
				CLANG_ENABLE_OBJC_WEAK = YES;
				CLANG_WARN_BLOCK_CAPTURE_AUTORELEASING = YES;
				CLANG_WARN_BOOL_CONVERSION = YES;
				CLANG_WARN_COMMA = YES;
				CLANG_WARN_CONSTANT_CONVERSION = YES;
				CLANG_WARN_DEPRECATED_OBJC_IMPLEMENTATIONS = YES;
				CLANG_WARN_DIRECT_OBJC_ISA_USAGE = YES_ERROR;
				CLANG_WARN_DOCUMENTATION_COMMENTS = YES;
				CLANG_WARN_EMPTY_BODY = YES;
				CLANG_WARN_ENUM_CONVERSION = YES;
				CLANG_WARN_INFINITE_RECURSION = YES;
				CLANG_WARN_INT_CONVERSION = YES;
				CLANG_WARN_NON_LITERAL_NULL_CONVERSION = YES;
				CLANG_WARN_OBJC_IMPLICIT_RETAIN_SELF = YES;
				CLANG_WARN_OBJC_LITERAL_CONVERSION = YES;
				CLANG_WARN_OBJC_ROOT_CLASS = YES_ERROR;
				CLANG_WARN_QUOTED_INCLUDE_IN_FRAMEWORK_HEADER = YES;
				CLANG_WARN_RANGE_LOOP_ANALYSIS = YES;
				CLANG_WARN_STRICT_PROTOTYPES = YES;
				CLANG_WARN_SUSPICIOUS_MOVE = YES;
				CLANG_WARN_UNGUARDED_AVAILABILITY = YES_AGGRESSIVE;
				CLANG_WARN_UNREACHABLE_CODE = YES;
				CLANG_WARN__DUPLICATE_METHOD_MATCH = YES;
				COPY_PHASE_STRIP = NO;
				DEBUG_INFORMATION_FORMAT = "dwarf-with-dsym";
				ENABLE_NS_ASSERTIONS = NO;
				ENABLE_STRICT_OBJC_MSGSEND = YES;
				GCC_C_LANGUAGE_STANDARD = gnu11;
				GCC_NO_COMMON_BLOCKS = YES;
				GCC_WARN_64_TO_32_BIT_CONVERSION = YES;
				GCC_WARN_ABOUT_RETURN_TYPE = YES_ERROR;
				GCC_WARN_UNDECLARED_SELECTOR = YES;
				GCC_WARN_UNINITIALIZED_AUTOS = YES_AGGRESSIVE;
				GCC_WARN_UNUSED_FUNCTION = YES;
				GCC_WARN_UNUSED_VARIABLE = YES;
				IPHONEOS_DEPLOYMENT_TARGET = 15.2;
				MTL_ENABLE_DEBUG_INFO = NO;
				MTL_FAST_MATH = YES;
				SDKROOT = iphoneos;
				SWIFT_COMPILATION_MODE = wholemodule;
				SWIFT_OPTIMIZATION_LEVEL = "-O";
				VALIDATE_PRODUCT = YES;
			};
			name = Release;
		};
		3F3E23C02DBEB2FA00F515FE /* Debug */ = {
			isa = XCBuildConfiguration;
			buildSettings = {
				ASSETCATALOG_COMPILER_APPICON_NAME = AppIcon;
				ASSETCATALOG_COMPILER_GLOBAL_ACCENT_COLOR_NAME = AccentColor;
				CODE_SIGN_STYLE = Automatic;
				CURRENT_PROJECT_VERSION = 1;
				GENERATE_INFOPLIST_FILE = YES;
				INFOPLIST_FILE = StockIOS/Info.plist;
				INFOPLIST_KEY_UIApplicationSupportsIndirectInputEvents = YES;
				INFOPLIST_KEY_UILaunchStoryboardName = LaunchScreen;
				INFOPLIST_KEY_UIMainStoryboardFile = Main;
				INFOPLIST_KEY_UISupportedInterfaceOrientations_iPad = "UIInterfaceOrientationPortrait UIInterfaceOrientationPortraitUpsideDown UIInterfaceOrientationLandscapeLeft UIInterfaceOrientationLandscapeRight";
				INFOPLIST_KEY_UISupportedInterfaceOrientations_iPhone = "UIInterfaceOrientationPortrait UIInterfaceOrientationLandscapeLeft UIInterfaceOrientationLandscapeRight";
				LD_RUNPATH_SEARCH_PATHS = (
					"$(inherited)",
					"@executable_path/Frameworks",
				);
				MARKETING_VERSION = 1.0;
				PRODUCT_BUNDLE_IDENTIFIER = PG.StockIOS;
				PRODUCT_NAME = "$(TARGET_NAME)";
				SWIFT_EMIT_LOC_STRINGS = YES;
				SWIFT_VERSION = 5.0;
				TARGETED_DEVICE_FAMILY = "1,2";
			};
			name = Debug;
		};
		3F3E23C12DBEB2FA00F515FE /* Release */ = {
			isa = XCBuildConfiguration;
			buildSettings = {
				ASSETCATALOG_COMPILER_APPICON_NAME = AppIcon;
				ASSETCATALOG_COMPILER_GLOBAL_ACCENT_COLOR_NAME = AccentColor;
				CODE_SIGN_STYLE = Automatic;
				CURRENT_PROJECT_VERSION = 1;
				GENERATE_INFOPLIST_FILE = YES;
				INFOPLIST_FILE = StockIOS/Info.plist;
				INFOPLIST_KEY_UIApplicationSupportsIndirectInputEvents = YES;
				INFOPLIST_KEY_UILaunchStoryboardName = LaunchScreen;
				INFOPLIST_KEY_UIMainStoryboardFile = Main;
				INFOPLIST_KEY_UISupportedInterfaceOrientations_iPad = "UIInterfaceOrientationPortrait UIInterfaceOrientationPortraitUpsideDown UIInterfaceOrientationLandscapeLeft UIInterfaceOrientationLandscapeRight";
				INFOPLIST_KEY_UISupportedInterfaceOrientations_iPhone = "UIInterfaceOrientationPortrait UIInterfaceOrientationLandscapeLeft UIInterfaceOrientationLandscapeRight";
				LD_RUNPATH_SEARCH_PATHS = (
					"$(inherited)",
					"@executable_path/Frameworks",
				);
				MARKETING_VERSION = 1.0;
				PRODUCT_BUNDLE_IDENTIFIER = PG.StockIOS;
				PRODUCT_NAME = "$(TARGET_NAME)";
				SWIFT_EMIT_LOC_STRINGS = YES;
				SWIFT_VERSION = 5.0;
				TARGETED_DEVICE_FAMILY = "1,2";
			};
			name = Release;
		};
		3F3E23C32DBEB2FA00F515FE /* Debug */ = {
			isa = XCBuildConfiguration;
			buildSettings = {
				ALWAYS_EMBED_SWIFT_STANDARD_LIBRARIES = YES;
				BUNDLE_LOADER = "$(TEST_HOST)";
				CODE_SIGN_STYLE = Automatic;
				CURRENT_PROJECT_VERSION = 1;
				GENERATE_INFOPLIST_FILE = YES;
				IPHONEOS_DEPLOYMENT_TARGET = 15.2;
				MARKETING_VERSION = 1.0;
				PRODUCT_BUNDLE_IDENTIFIER = PG.StockIOSTests;
				PRODUCT_NAME = "$(TARGET_NAME)";
				SWIFT_EMIT_LOC_STRINGS = NO;
				SWIFT_VERSION = 5.0;
				TARGETED_DEVICE_FAMILY = "1,2";
				TEST_HOST = "$(BUILT_PRODUCTS_DIR)/StockIOS.app/StockIOS";
			};
			name = Debug;
		};
		3F3E23C42DBEB2FA00F515FE /* Release */ = {
			isa = XCBuildConfiguration;
			buildSettings = {
				ALWAYS_EMBED_SWIFT_STANDARD_LIBRARIES = YES;
				BUNDLE_LOADER = "$(TEST_HOST)";
				CODE_SIGN_STYLE = Automatic;
				CURRENT_PROJECT_VERSION = 1;
				GENERATE_INFOPLIST_FILE = YES;
				IPHONEOS_DEPLOYMENT_TARGET = 15.2;
				MARKETING_VERSION = 1.0;
				PRODUCT_BUNDLE_IDENTIFIER = PG.StockIOSTests;
				PRODUCT_NAME = "$(TARGET_NAME)";
				SWIFT_EMIT_LOC_STRINGS = NO;
				SWIFT_VERSION = 5.0;
				TARGETED_DEVICE_FAMILY = "1,2";
				TEST_HOST = "$(BUILT_PRODUCTS_DIR)/StockIOS.app/StockIOS";
			};
			name = Release;
		};
		3F3E23C62DBEB2FA00F515FE /* Debug */ = {
			isa = XCBuildConfiguration;
			buildSettings = {
				ALWAYS_EMBED_SWIFT_STANDARD_LIBRARIES = YES;
				CODE_SIGN_STYLE = Automatic;
				CURRENT_PROJECT_VERSION = 1;
				GENERATE_INFOPLIST_FILE = YES;
				MARKETING_VERSION = 1.0;
				PRODUCT_BUNDLE_IDENTIFIER = PG.StockIOSUITests;
				PRODUCT_NAME = "$(TARGET_NAME)";
				SWIFT_EMIT_LOC_STRINGS = NO;
				SWIFT_VERSION = 5.0;
				TARGETED_DEVICE_FAMILY = "1,2";
				TEST_TARGET_NAME = StockIOS;
			};
			name = Debug;
		};
		3F3E23C72DBEB2FA00F515FE /* Release */ = {
			isa = XCBuildConfiguration;
			buildSettings = {
				ALWAYS_EMBED_SWIFT_STANDARD_LIBRARIES = YES;
				CODE_SIGN_STYLE = Automatic;
				CURRENT_PROJECT_VERSION = 1;
				GENERATE_INFOPLIST_FILE = YES;
				MARKETING_VERSION = 1.0;
				PRODUCT_BUNDLE_IDENTIFIER = PG.StockIOSUITests;
				PRODUCT_NAME = "$(TARGET_NAME)";
				SWIFT_EMIT_LOC_STRINGS = NO;
				SWIFT_VERSION = 5.0;
				TARGETED_DEVICE_FAMILY = "1,2";
				TEST_TARGET_NAME = StockIOS;
			};
			name = Release;
		};
/* End XCBuildConfiguration section */

/* Begin XCConfigurationList section */
		3F3E238D2DBEB2F900F515FE /* Build configuration list for PBXProject "StockIOS" */ = {
			isa = XCConfigurationList;
			buildConfigurations = (
				3F3E23BD2DBEB2FA00F515FE /* Debug */,
				3F3E23BE2DBEB2FA00F515FE /* Release */,
			);
			defaultConfigurationIsVisible = 0;
			defaultConfigurationName = Release;
		};
		3F3E23BF2DBEB2FA00F515FE /* Build configuration list for PBXNativeTarget "StockIOS" */ = {
			isa = XCConfigurationList;
			buildConfigurations = (
				3F3E23C02DBEB2FA00F515FE /* Debug */,
				3F3E23C12DBEB2FA00F515FE /* Release */,
			);
			defaultConfigurationIsVisible = 0;
			defaultConfigurationName = Release;
		};
		3F3E23C22DBEB2FA00F515FE /* Build configuration list for PBXNativeTarget "StockIOSTests" */ = {
			isa = XCConfigurationList;
			buildConfigurations = (
				3F3E23C32DBEB2FA00F515FE /* Debug */,
				3F3E23C42DBEB2FA00F515FE /* Release */,
			);
			defaultConfigurationIsVisible = 0;
			defaultConfigurationName = Release;
		};
		3F3E23C52DBEB2FA00F515FE /* Build configuration list for PBXNativeTarget "StockIOSUITests" */ = {
			isa = XCConfigurationList;
			buildConfigurations = (
				3F3E23C62DBEB2FA00F515FE /* Debug */,
				3F3E23C72DBEB2FA00F515FE /* Release */,
			);
			defaultConfigurationIsVisible = 0;
			defaultConfigurationName = Release;
		};
/* End XCConfigurationList section */

/* Begin XCVersionGroup section */
		3F3E239E2DBEB2F900F515FE /* StockIOS.xcdatamodeld */ = {
			isa = XCVersionGroup;
			children = (
				3F3E239F2DBEB2F900F515FE /* StockIOS.xcdatamodel */,
			);
			currentVersion = 3F3E239F2DBEB2F900F515FE /* StockIOS.xcdatamodel */;
			path = StockIOS.xcdatamodeld;
			sourceTree = "<group>";
			versionGroupType = wrapper.xcdatamodel;
		};
/* End XCVersionGroup section */
	};
	rootObject = 3F3E238A2DBEB2F900F515FE /* Project object */;
}
